// !$*UTF8*$!
{
	archiveVersion = 1;
	classes = {
	};
	objectVersion = 46;
	objects = {

/* Begin PBXBuildFile section */
		D0A8E1071B90310B00CB97DF /* AppDelegate.swift in Sources */ = {isa = PBXBuildFile; fileRef = D0A8E1061B90310B00CB97DF /* AppDelegate.swift */; };
		D0A8E1091B90310B00CB97DF /* ViewController.swift in Sources */ = {isa = PBXBuildFile; fileRef = D0A8E1081B90310B00CB97DF /* ViewController.swift */; };
		D0A8E10C1B90310B00CB97DF /* Main.storyboard in Resources */ = {isa = PBXBuildFile; fileRef = D0A8E10A1B90310B00CB97DF /* Main.storyboard */; };
		D0A8E10E1B90310B00CB97DF /* Images.xcassets in Resources */ = {isa = PBXBuildFile; fileRef = D0A8E10D1B90310B00CB97DF /* Images.xcassets */; };
		D0A8E1111B90310C00CB97DF /* LaunchScreen.xib in Resources */ = {isa = PBXBuildFile; fileRef = D0A8E10F1B90310C00CB97DF /* LaunchScreen.xib */; };
		D0A8E11D1B90310C00CB97DF /* CircleTests.swift in Sources */ = {isa = PBXBuildFile; fileRef = D0A8E11C1B90310C00CB97DF /* CircleTests.swift */; };
		F09AD8135FB78B682FA320F5 /* Pods.framework in Frameworks */ = {isa = PBXBuildFile; fileRef = 20AE0557721285AB6D824A0C /* Pods.framework */; settings = {ATTRIBUTES = (Weak, ); }; };
/* End PBXBuildFile section */

/* Begin PBXContainerItemProxy section */
		D0A8E1171B90310C00CB97DF /* PBXContainerItemProxy */ = {
			isa = PBXContainerItemProxy;
			containerPortal = D0A8E0F91B90310B00CB97DF /* Project object */;
			proxyType = 1;
			remoteGlobalIDString = D0A8E1001B90310B00CB97DF;
			remoteInfo = Circle;
		};
/* End PBXContainerItemProxy section */

/* Begin PBXFileReference section */
		1C56C9858494FBB920755543 /* Pods.release.xcconfig */ = {isa = PBXFileReference; includeInIndex = 1; lastKnownFileType = text.xcconfig; name = Pods.release.xcconfig; path = "Pods/Target Support Files/Pods/Pods.release.xcconfig"; sourceTree = "<group>"; };
		20AE0557721285AB6D824A0C /* Pods.framework */ = {isa = PBXFileReference; explicitFileType = wrapper.framework; includeInIndex = 0; path = Pods.framework; sourceTree = BUILT_PRODUCTS_DIR; };
		D0A8E1011B90310B00CB97DF /* Circle.app */ = {isa = PBXFileReference; explicitFileType = wrapper.application; includeInIndex = 0; path = Circle.app; sourceTree = BUILT_PRODUCTS_DIR; };
		D0A8E1051B90310B00CB97DF /* Info.plist */ = {isa = PBXFileReference; lastKnownFileType = text.plist.xml; path = Info.plist; sourceTree = "<group>"; };
		D0A8E1061B90310B00CB97DF /* AppDelegate.swift */ = {isa = PBXFileReference; lastKnownFileType = sourcecode.swift; path = AppDelegate.swift; sourceTree = "<group>"; };
		D0A8E1081B90310B00CB97DF /* ViewController.swift */ = {isa = PBXFileReference; lastKnownFileType = sourcecode.swift; path = ViewController.swift; sourceTree = "<group>"; };
		D0A8E10B1B90310B00CB97DF /* Base */ = {isa = PBXFileReference; lastKnownFileType = file.storyboard; name = Base; path = Base.lproj/Main.storyboard; sourceTree = "<group>"; };
		D0A8E10D1B90310B00CB97DF /* Images.xcassets */ = {isa = PBXFileReference; lastKnownFileType = folder.assetcatalog; path = Images.xcassets; sourceTree = "<group>"; };
		D0A8E1101B90310C00CB97DF /* Base */ = {isa = PBXFileReference; lastKnownFileType = file.xib; name = Base; path = Base.lproj/LaunchScreen.xib; sourceTree = "<group>"; };
		D0A8E1161B90310C00CB97DF /* CircleTests.xctest */ = {isa = PBXFileReference; explicitFileType = wrapper.cfbundle; includeInIndex = 0; path = CircleTests.xctest; sourceTree = BUILT_PRODUCTS_DIR; };
		D0A8E11B1B90310C00CB97DF /* Info.plist */ = {isa = PBXFileReference; lastKnownFileType = text.plist.xml; path = Info.plist; sourceTree = "<group>"; };
		D0A8E11C1B90310C00CB97DF /* CircleTests.swift */ = {isa = PBXFileReference; lastKnownFileType = sourcecode.swift; path = CircleTests.swift; sourceTree = "<group>"; };
		E8C205001901DE704B3ACFB3 /* Pods.debug.xcconfig */ = {isa = PBXFileReference; includeInIndex = 1; lastKnownFileType = text.xcconfig; name = Pods.debug.xcconfig; path = "Pods/Target Support Files/Pods/Pods.debug.xcconfig"; sourceTree = "<group>"; };
/* End PBXFileReference section */

/* Begin PBXFrameworksBuildPhase section */
		D0A8E0FE1B90310B00CB97DF /* Frameworks */ = {
			isa = PBXFrameworksBuildPhase;
			buildActionMask = 2147483647;
			files = (
				F09AD8135FB78B682FA320F5 /* Pods.framework in Frameworks */,
			);
			runOnlyForDeploymentPostprocessing = 0;
		};
		D0A8E1131B90310C00CB97DF /* Frameworks */ = {
			isa = PBXFrameworksBuildPhase;
			buildActionMask = 2147483647;
			files = (
			);
			runOnlyForDeploymentPostprocessing = 0;
		};
/* End PBXFrameworksBuildPhase section */

/* Begin PBXGroup section */
		C3E41CFD290456DC6E89E0CA /* Frameworks */ = {
			isa = PBXGroup;
			children = (
				20AE0557721285AB6D824A0C /* Pods.framework */,
			);
			name = Frameworks;
			sourceTree = "<group>";
		};
		D0A8E0F81B90310B00CB97DF = {
			isa = PBXGroup;
			children = (
				D0A8E1031B90310B00CB97DF /* Circle */,
				D0A8E1191B90310C00CB97DF /* CircleTests */,
				D0A8E1021B90310B00CB97DF /* Products */,
				DFE0BE69138EB08E8D3502EB /* Pods */,
				C3E41CFD290456DC6E89E0CA /* Frameworks */,
			);
			sourceTree = "<group>";
		};
		D0A8E1021B90310B00CB97DF /* Products */ = {
			isa = PBXGroup;
			children = (
				D0A8E1011B90310B00CB97DF /* Circle.app */,
				D0A8E1161B90310C00CB97DF /* CircleTests.xctest */,
			);
			name = Products;
			sourceTree = "<group>";
		};
		D0A8E1031B90310B00CB97DF /* Circle */ = {
			isa = PBXGroup;
			children = (
				D0A8E1061B90310B00CB97DF /* AppDelegate.swift */,
				D0A8E1081B90310B00CB97DF /* ViewController.swift */,
				D0A8E10A1B90310B00CB97DF /* Main.storyboard */,
				D0A8E10D1B90310B00CB97DF /* Images.xcassets */,
				D0A8E10F1B90310C00CB97DF /* LaunchScreen.xib */,
				D0A8E1041B90310B00CB97DF /* Supporting Files */,
			);
			path = Circle;
			sourceTree = "<group>";
		};
		D0A8E1041B90310B00CB97DF /* Supporting Files */ = {
			isa = PBXGroup;
			children = (
				D0A8E1051B90310B00CB97DF /* Info.plist */,
			);
			name = "Supporting Files";
			sourceTree = "<group>";
		};
		D0A8E1191B90310C00CB97DF /* CircleTests */ = {
			isa = PBXGroup;
			children = (
				D0A8E11C1B90310C00CB97DF /* CircleTests.swift */,
				D0A8E11A1B90310C00CB97DF /* Supporting Files */,
			);
			path = CircleTests;
			sourceTree = "<group>";
		};
		D0A8E11A1B90310C00CB97DF /* Supporting Files */ = {
			isa = PBXGroup;
			children = (
				D0A8E11B1B90310C00CB97DF /* Info.plist */,
			);
			name = "Supporting Files";
			sourceTree = "<group>";
		};
		DFE0BE69138EB08E8D3502EB /* Pods */ = {
			isa = PBXGroup;
			children = (
				E8C205001901DE704B3ACFB3 /* Pods.debug.xcconfig */,
				1C56C9858494FBB920755543 /* Pods.release.xcconfig */,
			);
			name = Pods;
			sourceTree = "<group>";
		};
/* End PBXGroup section */

/* Begin PBXNativeTarget section */
		D0A8E1001B90310B00CB97DF /* Circle */ = {
			isa = PBXNativeTarget;
			buildConfigurationList = D0A8E1201B90310C00CB97DF /* Build configuration list for PBXNativeTarget "Circle" */;
			buildPhases = (
				19D62B26E1681CFC29E349FF /* Check Pods Manifest.lock */,
				D0A8E0FD1B90310B00CB97DF /* Sources */,
				D0A8E0FE1B90310B00CB97DF /* Frameworks */,
				D0A8E0FF1B90310B00CB97DF /* Resources */,
				124FB10AB45A153178306BB5 /* Embed Pods Frameworks */,
				B90BD28603EA6E2287BE84EF /* Copy Pods Resources */,
			);
			buildRules = (
			);
			dependencies = (
			);
			name = Circle;
			productName = Circle;
			productReference = D0A8E1011B90310B00CB97DF /* Circle.app */;
			productType = "com.apple.product-type.application";
		};
		D0A8E1151B90310C00CB97DF /* CircleTests */ = {
			isa = PBXNativeTarget;
			buildConfigurationList = D0A8E1231B90310C00CB97DF /* Build configuration list for PBXNativeTarget "CircleTests" */;
			buildPhases = (
				D0A8E1121B90310C00CB97DF /* Sources */,
				D0A8E1131B90310C00CB97DF /* Frameworks */,
				D0A8E1141B90310C00CB97DF /* Resources */,
			);
			buildRules = (
			);
			dependencies = (
				D0A8E1181B90310C00CB97DF /* PBXTargetDependency */,
			);
			name = CircleTests;
			productName = CircleTests;
			productReference = D0A8E1161B90310C00CB97DF /* CircleTests.xctest */;
			productType = "com.apple.product-type.bundle.unit-test";
		};
/* End PBXNativeTarget section */

/* Begin PBXProject section */
		D0A8E0F91B90310B00CB97DF /* Project object */ = {
			isa = PBXProject;
			attributes = {
				LastUpgradeCheck = 0640;
				ORGANIZATIONNAME = "Akifumi Nishimura";
				TargetAttributes = {
					D0A8E1001B90310B00CB97DF = {
						CreatedOnToolsVersion = 6.4;
					};
					D0A8E1151B90310C00CB97DF = {
						CreatedOnToolsVersion = 6.4;
						TestTargetID = D0A8E1001B90310B00CB97DF;
					};
				};
			};
			buildConfigurationList = D0A8E0FC1B90310B00CB97DF /* Build configuration list for PBXProject "Circle" */;
			compatibilityVersion = "Xcode 3.2";
			developmentRegion = English;
			hasScannedForEncodings = 0;
			knownRegions = (
				en,
				Base,
			);
			mainGroup = D0A8E0F81B90310B00CB97DF;
			productRefGroup = D0A8E1021B90310B00CB97DF /* Products */;
			projectDirPath = "";
			projectRoot = "";
			targets = (
				D0A8E1001B90310B00CB97DF /* Circle */,
				D0A8E1151B90310C00CB97DF /* CircleTests */,
			);
		};
/* End PBXProject section */

/* Begin PBXResourcesBuildPhase section */
		D0A8E0FF1B90310B00CB97DF /* Resources */ = {
			isa = PBXResourcesBuildPhase;
			buildActionMask = 2147483647;
			files = (
				D0A8E10C1B90310B00CB97DF /* Main.storyboard in Resources */,
				D0A8E1111B90310C00CB97DF /* LaunchScreen.xib in Resources */,
				D0A8E10E1B90310B00CB97DF /* Images.xcassets in Resources */,
			);
			runOnlyForDeploymentPostprocessing = 0;
		};
		D0A8E1141B90310C00CB97DF /* Resources */ = {
			isa = PBXResourcesBuildPhase;
			buildActionMask = 2147483647;
			files = (
			);
			runOnlyForDeploymentPostprocessing = 0;
		};
/* End PBXResourcesBuildPhase section */

/* Begin PBXShellScriptBuildPhase section */
		124FB10AB45A153178306BB5 /* Embed Pods Frameworks */ = {
			isa = PBXShellScriptBuildPhase;
			buildActionMask = 2147483647;
			files = (
			);
			inputPaths = (
			);
			name = "Embed Pods Frameworks";
			outputPaths = (
			);
			runOnlyForDeploymentPostprocessing = 0;
			shellPath = /bin/sh;
			shellScript = "\"${SRCROOT}/Pods/Target Support Files/Pods/Pods-frameworks.sh\"\n";
			showEnvVarsInLog = 0;
		};
		19D62B26E1681CFC29E349FF /* Check Pods Manifest.lock */ = {
			isa = PBXShellScriptBuildPhase;
			buildActionMask = 2147483647;
			files = (
			);
			inputPaths = (
			);
			name = "Check Pods Manifest.lock";
			outputPaths = (
			);
			runOnlyForDeploymentPostprocessing = 0;
			shellPath = /bin/sh;
			shellScript = "diff \"${PODS_ROOT}/../Podfile.lock\" \"${PODS_ROOT}/Manifest.lock\" > /dev/null\nif [[ $? != 0 ]] ; then\n    cat << EOM\nerror: The sandbox is not in sync with the Podfile.lock. Run 'pod install' or update your CocoaPods installation.\nEOM\n    exit 1\nfi\n";
			showEnvVarsInLog = 0;
		};
		B90BD28603EA6E2287BE84EF /* Copy Pods Resources */ = {
			isa = PBXShellScriptBuildPhase;
			buildActionMask = 2147483647;
			files = (
			);
			inputPaths = (
			);
			name = "Copy Pods Resources";
			outputPaths = (
			);
			runOnlyForDeploymentPostprocessing = 0;
			shellPath = /bin/sh;
			shellScript = "\"${SRCROOT}/Pods/Target Support Files/Pods/Pods-resources.sh\"\n";
			showEnvVarsInLog = 0;
		};
/* End PBXShellScriptBuildPhase section */

/* Begin PBXSourcesBuildPhase section */
		D0A8E0FD1B90310B00CB97DF /* Sources */ = {
			isa = PBXSourcesBuildPhase;
			buildActionMask = 2147483647;
			files = (
				D0A8E1091B90310B00CB97DF /* ViewController.swift in Sources */,
				D0A8E1071B90310B00CB97DF /* AppDelegate.swift in Sources */,
			);
			runOnlyForDeploymentPostprocessing = 0;
		};
		D0A8E1121B90310C00CB97DF /* Sources */ = {
			isa = PBXSourcesBuildPhase;
			buildActionMask = 2147483647;
			files = (
				D0A8E11D1B90310C00CB97DF /* CircleTests.swift in Sources */,
			);
			runOnlyForDeploymentPostprocessing = 0;
		};
/* End PBXSourcesBuildPhase section */

/* Begin PBXTargetDependency section */
		D0A8E1181B90310C00CB97DF /* PBXTargetDependency */ = {
			isa = PBXTargetDependency;
			target = D0A8E1001B90310B00CB97DF /* Circle */;
			targetProxy = D0A8E1171B90310C00CB97DF /* PBXContainerItemProxy */;
		};
/* End PBXTargetDependency section */

/* Begin PBXVariantGroup section */
		D0A8E10A1B90310B00CB97DF /* Main.storyboard */ = {
			isa = PBXVariantGroup;
			children = (
				D0A8E10B1B90310B00CB97DF /* Base */,
			);
			name = Main.storyboard;
			sourceTree = "<group>";
		};
		D0A8E10F1B90310C00CB97DF /* LaunchScreen.xib */ = {
			isa = PBXVariantGroup;
			children = (
				D0A8E1101B90310C00CB97DF /* Base */,
			);
			name = LaunchScreen.xib;
			sourceTree = "<group>";
		};
/* End PBXVariantGroup section */

/* Begin XCBuildConfiguration section */
		D0A8E11E1B90310C00CB97DF /* Debug */ = {
			isa = XCBuildConfiguration;
			buildSettings = {
				ALWAYS_SEARCH_USER_PATHS = NO;
				CLANG_CXX_LANGUAGE_STANDARD = "gnu++0x";
				CLANG_CXX_LIBRARY = "libc++";
				CLANG_ENABLE_MODULES = YES;
				CLANG_ENABLE_OBJC_ARC = YES;
				CLANG_WARN_BOOL_CONVERSION = YES;
				CLANG_WARN_CONSTANT_CONVERSION = YES;
				CLANG_WARN_DIRECT_OBJC_ISA_USAGE = YES_ERROR;
				CLANG_WARN_EMPTY_BODY = YES;
				CLANG_WARN_ENUM_CONVERSION = YES;
				CLANG_WARN_INT_CONVERSION = YES;
				CLANG_WARN_OBJC_ROOT_CLASS = YES_ERROR;
				CLANG_WARN_UNREACHABLE_CODE = YES;
				CLANG_WARN__DUPLICATE_METHOD_MATCH = YES;
				"CODE_SIGN_IDENTITY[sdk=iphoneos*]" = "iPhone Developer";
				COPY_PHASE_STRIP = NO;
				DEBUG_INFORMATION_FORMAT = "dwarf-with-dsym";
				ENABLE_STRICT_OBJC_MSGSEND = YES;
				GCC_C_LANGUAGE_STANDARD = gnu99;
				GCC_DYNAMIC_NO_PIC = NO;
				GCC_NO_COMMON_BLOCKS = YES;
				GCC_OPTIMIZATION_LEVEL = 0;
				GCC_PREPROCESSOR_DEFINITIONS = (
					"DEBUG=1",
					"$(inherited)",
				);
				GCC_SYMBOLS_PRIVATE_EXTERN = NO;
				GCC_WARN_64_TO_32_BIT_CONVERSION = YES;
				GCC_WARN_ABOUT_RETURN_TYPE = YES_ERROR;
				GCC_WARN_UNDECLARED_SELECTOR = YES;
				GCC_WARN_UNINITIALIZED_AUTOS = YES_AGGRESSIVE;
				GCC_WARN_UNUSED_FUNCTION = YES;
				GCC_WARN_UNUSED_VARIABLE = YES;
				IPHONEOS_DEPLOYMENT_TARGET = 8.4;
				MTL_ENABLE_DEBUG_INFO = YES;
				ONLY_ACTIVE_ARCH = YES;
				SDKROOT = iphoneos;
				SWIFT_OPTIMIZATION_LEVEL = "-Onone";
				TARGETED_DEVICE_FAMILY = "1,2";
			};
			name = Debug;
		};
		D0A8E11F1B90310C00CB97DF /* Release */ = {
			isa = XCBuildConfiguration;
			buildSettings = {
				ALWAYS_SEARCH_USER_PATHS = NO;
				CLANG_CXX_LANGUAGE_STANDARD = "gnu++0x";
				CLANG_CXX_LIBRARY = "libc++";
				CLANG_ENABLE_MODULES = YES;
				CLANG_ENABLE_OBJC_ARC = YES;
				CLANG_WARN_BOOL_CONVERSION = YES;
				CLANG_WARN_CONSTANT_CONVERSION = YES;
				CLANG_WARN_DIRECT_OBJC_ISA_USAGE = YES_ERROR;
				CLANG_WARN_EMPTY_BODY = YES;
				CLANG_WARN_ENUM_CONVERSION = YES;
				CLANG_WARN_INT_CONVERSION = YES;
				CLANG_WARN_OBJC_ROOT_CLASS = YES_ERROR;
				CLANG_WARN_UNREACHABLE_CODE = YES;
				CLANG_WARN__DUPLICATE_METHOD_MATCH = YES;
				"CODE_SIGN_IDENTITY[sdk=iphoneos*]" = "iPhone Developer";
				COPY_PHASE_STRIP = NO;
				DEBUG_INFORMATION_FORMAT = "dwarf-with-dsym";
				ENABLE_NS_ASSERTIONS = NO;
				ENABLE_STRICT_OBJC_MSGSEND = YES;
				GCC_C_LANGUAGE_STANDARD = gnu99;
				GCC_NO_COMMON_BLOCKS = YES;
				GCC_WARN_64_TO_32_BIT_CONVERSION = YES;
				GCC_WARN_ABOUT_RETURN_TYPE = YES_ERROR;
				GCC_WARN_UNDECLARED_SELECTOR = YES;
				GCC_WARN_UNINITIALIZED_AUTOS = YES_AGGRESSIVE;
				GCC_WARN_UNUSED_FUNCTION = YES;
				GCC_WARN_UNUSED_VARIABLE = YES;
				IPHONEOS_DEPLOYMENT_TARGET = 8.4;
				MTL_ENABLE_DEBUG_INFO = NO;
				SDKROOT = iphoneos;
				TARGETED_DEVICE_FAMILY = "1,2";
				VALIDATE_PRODUCT = YES;
			};
			name = Release;
		};
		D0A8E1211B90310C00CB97DF /* Debug */ = {
			isa = XCBuildConfiguration;
			baseConfigurationReference = E8C205001901DE704B3ACFB3 /* Pods.debug.xcconfig */;
			buildSettings = {
				ASSETCATALOG_COMPILER_APPICON_NAME = AppIcon;
				INFOPLIST_FILE = Circle/Info.plist;
				LD_RUNPATH_SEARCH_PATHS = "$(inherited) @executable_path/Frameworks";
				PRODUCT_NAME = "$(TARGET_NAME)";
			};
			name = Debug;
		};
		D0A8E1221B90310C00CB97DF /* Release */ = {
			isa = XCBuildConfiguration;
			baseConfigurationReference = 1C56C9858494FBB920755543 /* Pods.release.xcconfig */;
			buildSettings = {
				ASSETCATALOG_COMPILER_APPICON_NAME = AppIcon;
				INFOPLIST_FILE = Circle/Info.plist;
				LD_RUNPATH_SEARCH_PATHS = "$(inherited) @executable_path/Frameworks";
				PRODUCT_NAME = "$(TARGET_NAME)";
			};
			name = Release;
		};
		D0A8E1241B90310C00CB97DF /* Debug */ = {
			isa = XCBuildConfiguration;
			buildSettings = {
				BUNDLE_LOADER = "$(TEST_HOST)";
				FRAMEWORK_SEARCH_PATHS = (
					"$(SDKROOT)/Developer/Library/Frameworks",
					"$(inherited)",
				);
				GCC_PREPROCESSOR_DEFINITIONS = (
					"DEBUG=1",
					"$(inherited)",
				);
				INFOPLIST_FILE = CircleTests/Info.plist;
				LD_RUNPATH_SEARCH_PATHS = "$(inherited) @executable_path/Frameworks @loader_path/Frameworks";
				PRODUCT_NAME = "$(TARGET_NAME)";
				TEST_HOST = "$(BUILT_PRODUCTS_DIR)/Circle.app/Circle";
			};
			name = Debug;
		};
		D0A8E1251B90310C00CB97DF /* Release */ = {
			isa = XCBuildConfiguration;
			buildSettings = {
				BUNDLE_LOADER = "$(TEST_HOST)";
				FRAMEWORK_SEARCH_PATHS = (
					"$(SDKROOT)/Developer/Library/Frameworks",
					"$(inherited)",
				);
				INFOPLIST_FILE = CircleTests/Info.plist;
				LD_RUNPATH_SEARCH_PATHS = "$(inherited) @executable_path/Frameworks @loader_path/Frameworks";
				PRODUCT_NAME = "$(TARGET_NAME)";
				TEST_HOST = "$(BUILT_PRODUCTS_DIR)/Circle.app/Circle";
			};
			name = Release;
		};
/* End XCBuildConfiguration section */

/* Begin XCConfigurationList section */
		D0A8E0FC1B90310B00CB97DF /* Build configuration list for PBXProject "Circle" */ = {
			isa = XCConfigurationList;
			buildConfigurations = (
				D0A8E11E1B90310C00CB97DF /* Debug */,
				D0A8E11F1B90310C00CB97DF /* Release */,
			);
			defaultConfigurationIsVisible = 0;
			defaultConfigurationName = Release;
		};
		D0A8E1201B90310C00CB97DF /* Build configuration list for PBXNativeTarget "Circle" */ = {
			isa = XCConfigurationList;
			buildConfigurations = (
				D0A8E1211B90310C00CB97DF /* Debug */,
				D0A8E1221B90310C00CB97DF /* Release */,
			);
			defaultConfigurationIsVisible = 0;
			defaultConfigurationName = Release;
		};
		D0A8E1231B90310C00CB97DF /* Build configuration list for PBXNativeTarget "CircleTests" */ = {
			isa = XCConfigurationList;
			buildConfigurations = (
				D0A8E1241B90310C00CB97DF /* Debug */,
				D0A8E1251B90310C00CB97DF /* Release */,
			);
			defaultConfigurationIsVisible = 0;
			defaultConfigurationName = Release;
		};
/* End XCConfigurationList section */
	};
	rootObject = D0A8E0F91B90310B00CB97DF /* Project object */;
}
